
Microsoft Visual Studio Solution File, Format Version 12.00
# Visual Studio Version 17
VisualStudioVersion = 17.11.35312.102
MinimumVisualStudioVersion = 10.0.40219.1
Project("{FAE04EC0-301F-11D3-BF4B-00C04F79EFBC}") = "CustomPanel", "POS +ims\CustomPanel.csproj", "{B9880F61-7F25-447F-9632-CB916104B74B}"
EndProject
Project("{FAE04EC0-301F-11D3-BF4B-00C04F79EFBC}") = "fitWhite", "System\fitWhite.csproj", "{B3D7EE6F-A93C-454C-AD82-3D85FD3FB068}"
EndProject
Global
	GlobalSection(SolutionConfigurationPlatforms) = preSolution
		Debug|Any CPU = Debug|Any CPU
		Release|Any CPU = Release|Any CPU
	EndGlobalSection
	GlobalSection(ProjectConfigurationPlatforms) = postSolution
		{B9880F61-7F25-447F-9632-CB916104B74B}.Debug|Any CPU.ActiveCfg = Debug|Any CPU
		{B9880F61-7F25-447F-9632-CB916104B74B}.Debug|Any CPU.Build.0 = Debug|Any CPU
		{B9880F61-7F25-447F-9632-CB916104B74B}.Release|Any CPU.ActiveCfg = Release|Any CPU
		{B9880F61-7F25-447F-9632-CB916104B74B}.Release|Any CPU.Build.0 = Release|Any CPU
		{B3D7EE6F-A93C-454C-AD82-3D85FD3FB068}.Debug|Any CPU.ActiveCfg = Debug|Any CPU
		{B3D7EE6F-A93C-454C-AD82-3D85FD3FB068}.Debug|Any CPU.Build.0 = Debug|Any CPU
		{B3D7EE6F-A93C-454C-AD82-3D85FD3FB068}.Release|Any CPU.ActiveCfg = Release|Any CPU
		{B3D7EE6F-A93C-454C-AD82-3D85FD3FB068}.Release|Any CPU.Build.0 = Release|Any CPU
	EndGlobalSection
	GlobalSection(SolutionProperties) = preSolution
		HideSolutionNode = FALSE
	EndGlobalSection
	GlobalSection(ExtensibilityGlobals) = postSolution
		SolutionGuid = {37F5324A-0707-4936-AF32-EF13E3485EA6}
	EndGlobalSection
EndGlobal
